// !$*UTF8*$!
{
	archiveVersion = 1;
	classes = {
	};
	objectVersion = 46;
	objects = {

/* Begin PBXBuildFile section */
		4E7AA47C19CB9EF00048FB11 /* JubileeCampus.pdf in Resources */ = {isa = PBXBuildFile; fileRef = 4E7AA47919CB9EF00048FB11 /* JubileeCampus.pdf */; };
		4E7AA47D19CB9EF00048FB11 /* SuttonBoningtonCampus.pdf in Resources */ = {isa = PBXBuildFile; fileRef = 4E7AA47A19CB9EF00048FB11 /* SuttonBoningtonCampus.pdf */; };
		4E7AA47E19CB9EF00048FB11 /* UniversityParkCampus.pdf in Resources */ = {isa = PBXBuildFile; fileRef = 4E7AA47B19CB9EF00048FB11 /* UniversityParkCampus.pdf */; };
		4E7AA48219CB9F080048FB11 /* Montserrat-Bold.ttf in Resources */ = {isa = PBXBuildFile; fileRef = 4E7AA48019CB9F080048FB11 /* Montserrat-Bold.ttf */; };
		4E7AA48319CB9F080048FB11 /* Montserrat-Regular.ttf in Resources */ = {isa = PBXBuildFile; fileRef = 4E7AA48119CB9F080048FB11 /* Montserrat-Regular.ttf */; };
		4E7AA48519CB9F360048FB11 /* MapViewController.swift in Sources */ = {isa = PBXBuildFile; fileRef = 4E7AA48419CB9F360048FB11 /* MapViewController.swift */; };
		4EAE724C19B9DAFE0021C4DF /* HexColor.swift in Sources */ = {isa = PBXBuildFile; fileRef = 4EAE724B19B9DAFE0021C4DF /* HexColor.swift */; };
		4ECFBE6319B8387C00523219 /* RouteHeaderView.swift in Sources */ = {isa = PBXBuildFile; fileRef = 4ECFBE5F19B8387C00523219 /* RouteHeaderView.swift */; };
		4ECFBE6419B8387C00523219 /* StopTableViewCell.swift in Sources */ = {isa = PBXBuildFile; fileRef = 4ECFBE6019B8387C00523219 /* StopTableViewCell.swift */; };
		4ECFBE6519B8387C00523219 /* TabBar.swift in Sources */ = {isa = PBXBuildFile; fileRef = 4ECFBE6119B8387C00523219 /* TabBar.swift */; };
		4ECFBE6619B8387C00523219 /* TabBarItem.swift in Sources */ = {isa = PBXBuildFile; fileRef = 4ECFBE6219B8387C00523219 /* TabBarItem.swift */; };
		4ECFBE6819B8388900523219 /* HomeViewController.swift in Sources */ = {isa = PBXBuildFile; fileRef = 4ECFBE6719B8388900523219 /* HomeViewController.swift */; };
		4ECFBE6A19B8389900523219 /* Extensions.swift in Sources */ = {isa = PBXBuildFile; fileRef = 4ECFBE6919B8389900523219 /* Extensions.swift */; };
		4EDD4CF719A7C08900892A7C /* AppDelegate.swift in Sources */ = {isa = PBXBuildFile; fileRef = 4EDD4CF619A7C08900892A7C /* AppDelegate.swift */; };
		4EDD4CFE19A7C08900892A7C /* Images.xcassets in Resources */ = {isa = PBXBuildFile; fileRef = 4EDD4CFD19A7C08900892A7C /* Images.xcassets */; };
		4EDD4D0A19A7C08900892A7C /* HopperBusTests.swift in Sources */ = {isa = PBXBuildFile; fileRef = 4EDD4D0919A7C08900892A7C /* HopperBusTests.swift */; };
		7B4AA58A492C4E4180CF282D /* libPods.a in Frameworks */ = {isa = PBXBuildFile; fileRef = EBF69A0F5AB64083B3DB10FB /* libPods.a */; };
/* End PBXBuildFile section */

/* Begin PBXContainerItemProxy section */
		4EDD4D0419A7C08900892A7C /* PBXContainerItemProxy */ = {
			isa = PBXContainerItemProxy;
			containerPortal = 4EDD4CE919A7C08900892A7C /* Project object */;
			proxyType = 1;
			remoteGlobalIDString = 4EDD4CF019A7C08900892A7C;
			remoteInfo = HopperBus;
		};
/* End PBXContainerItemProxy section */

/* Begin PBXFileReference section */
		4E7AA46F19CB6FCF0048FB11 /* HopperBus-Bridging-Header.h */ = {isa = PBXFileReference; lastKnownFileType = sourcecode.c.h; path = "HopperBus-Bridging-Header.h"; sourceTree = "<group>"; };
		4E7AA47919CB9EF00048FB11 /* JubileeCampus.pdf */ = {isa = PBXFileReference; lastKnownFileType = image.pdf; name = JubileeCampus.pdf; path = HopperBus/Resources/Maps/JubileeCampus.pdf; sourceTree = "<group>"; };
		4E7AA47A19CB9EF00048FB11 /* SuttonBoningtonCampus.pdf */ = {isa = PBXFileReference; lastKnownFileType = image.pdf; name = SuttonBoningtonCampus.pdf; path = HopperBus/Resources/Maps/SuttonBoningtonCampus.pdf; sourceTree = "<group>"; };
		4E7AA47B19CB9EF00048FB11 /* UniversityParkCampus.pdf */ = {isa = PBXFileReference; lastKnownFileType = image.pdf; name = UniversityParkCampus.pdf; path = HopperBus/Resources/Maps/UniversityParkCampus.pdf; sourceTree = "<group>"; };
		4E7AA48019CB9F080048FB11 /* Montserrat-Bold.ttf */ = {isa = PBXFileReference; lastKnownFileType = file; name = "Montserrat-Bold.ttf"; path = "HopperBus/Resources/Fonts/Montserrat-Bold.ttf"; sourceTree = "<group>"; };
		4E7AA48119CB9F080048FB11 /* Montserrat-Regular.ttf */ = {isa = PBXFileReference; lastKnownFileType = file; name = "Montserrat-Regular.ttf"; path = "HopperBus/Resources/Fonts/Montserrat-Regular.ttf"; sourceTree = "<group>"; };
		4E7AA48419CB9F360048FB11 /* MapViewController.swift */ = {isa = PBXFileReference; fileEncoding = 4; lastKnownFileType = sourcecode.swift; name = MapViewController.swift; path = Controllers/MapViewController.swift; sourceTree = "<group>"; };
		4EAE724B19B9DAFE0021C4DF /* HexColor.swift */ = {isa = PBXFileReference; fileEncoding = 4; lastKnownFileType = sourcecode.swift; name = HexColor.swift; path = Utility/HexColor.swift; sourceTree = "<group>"; };
		4ECFBE5D19B8387200523219 /* Info.plist */ = {isa = PBXFileReference; fileEncoding = 4; lastKnownFileType = text.plist.xml; name = Info.plist; path = "Supporting Files/Info.plist"; sourceTree = "<group>"; };
		4ECFBE5F19B8387C00523219 /* RouteHeaderView.swift */ = {isa = PBXFileReference; fileEncoding = 4; lastKnownFileType = sourcecode.swift; name = RouteHeaderView.swift; path = Views/RouteHeaderView.swift; sourceTree = "<group>"; };
		4ECFBE6019B8387C00523219 /* StopTableViewCell.swift */ = {isa = PBXFileReference; fileEncoding = 4; lastKnownFileType = sourcecode.swift; name = StopTableViewCell.swift; path = Views/StopTableViewCell.swift; sourceTree = "<group>"; };
		4ECFBE6119B8387C00523219 /* TabBar.swift */ = {isa = PBXFileReference; fileEncoding = 4; lastKnownFileType = sourcecode.swift; name = TabBar.swift; path = Views/TabBar.swift; sourceTree = "<group>"; };
		4ECFBE6219B8387C00523219 /* TabBarItem.swift */ = {isa = PBXFileReference; fileEncoding = 4; lastKnownFileType = sourcecode.swift; name = TabBarItem.swift; path = Views/TabBarItem.swift; sourceTree = "<group>"; };
		4ECFBE6719B8388900523219 /* HomeViewController.swift */ = {isa = PBXFileReference; fileEncoding = 4; lastKnownFileType = sourcecode.swift; name = HomeViewController.swift; path = Controllers/HomeViewController.swift; sourceTree = "<group>"; };
		4ECFBE6919B8389900523219 /* Extensions.swift */ = {isa = PBXFileReference; fileEncoding = 4; lastKnownFileType = sourcecode.swift; name = Extensions.swift; path = Utility/Extensions.swift; sourceTree = "<group>"; };
		4EDD4CF119A7C08900892A7C /* HopperBus.app */ = {isa = PBXFileReference; explicitFileType = wrapper.application; includeInIndex = 0; path = HopperBus.app; sourceTree = BUILT_PRODUCTS_DIR; };
		4EDD4CF619A7C08900892A7C /* AppDelegate.swift */ = {isa = PBXFileReference; lastKnownFileType = sourcecode.swift; path = AppDelegate.swift; sourceTree = "<group>"; };
		4EDD4CFD19A7C08900892A7C /* Images.xcassets */ = {isa = PBXFileReference; lastKnownFileType = folder.assetcatalog; path = Images.xcassets; sourceTree = "<group>"; };
		4EDD4D0319A7C08900892A7C /* HopperBusTests.xctest */ = {isa = PBXFileReference; explicitFileType = wrapper.cfbundle; includeInIndex = 0; path = HopperBusTests.xctest; sourceTree = BUILT_PRODUCTS_DIR; };
		4EDD4D0819A7C08900892A7C /* Info.plist */ = {isa = PBXFileReference; lastKnownFileType = text.plist.xml; path = Info.plist; sourceTree = "<group>"; };
		4EDD4D0919A7C08900892A7C /* HopperBusTests.swift */ = {isa = PBXFileReference; lastKnownFileType = sourcecode.swift; path = HopperBusTests.swift; sourceTree = "<group>"; };
		B8B9279D1DDC447D82840542 /* Pods.xcconfig */ = {isa = PBXFileReference; includeInIndex = 1; lastKnownFileType = text.xcconfig; name = Pods.xcconfig; path = Pods/Pods.xcconfig; sourceTree = "<group>"; };
		EBF69A0F5AB64083B3DB10FB /* libPods.a */ = {isa = PBXFileReference; explicitFileType = archive.ar; includeInIndex = 0; path = libPods.a; sourceTree = BUILT_PRODUCTS_DIR; };
/* End PBXFileReference section */

/* Begin PBXFrameworksBuildPhase section */
		4EDD4CEE19A7C08900892A7C /* Frameworks */ = {
			isa = PBXFrameworksBuildPhase;
			buildActionMask = 2147483647;
			files = (
				7B4AA58A492C4E4180CF282D /* libPods.a in Frameworks */,
			);
			runOnlyForDeploymentPostprocessing = 0;
		};
		4EDD4D0019A7C08900892A7C /* Frameworks */ = {
			isa = PBXFrameworksBuildPhase;
			buildActionMask = 2147483647;
			files = (
			);
			runOnlyForDeploymentPostprocessing = 0;
		};
/* End PBXFrameworksBuildPhase section */

/* Begin PBXGroup section */
		4E7AA47319CB98F90048FB11 /* Resources */ = {
			isa = PBXGroup;
			children = (
				4E7AA47F19CB9EFA0048FB11 /* Fonts */,
				4E7AA47419CB99070048FB11 /* Maps */,
			);
			name = Resources;
			path = ..;
			sourceTree = "<group>";
		};
		4E7AA47419CB99070048FB11 /* Maps */ = {
			isa = PBXGroup;
			children = (
				4E7AA47919CB9EF00048FB11 /* JubileeCampus.pdf */,
				4E7AA47A19CB9EF00048FB11 /* SuttonBoningtonCampus.pdf */,
				4E7AA47B19CB9EF00048FB11 /* UniversityParkCampus.pdf */,
			);
			name = Maps;
			sourceTree = "<group>";
		};
		4E7AA47F19CB9EFA0048FB11 /* Fonts */ = {
			isa = PBXGroup;
			children = (
				4E7AA48019CB9F080048FB11 /* Montserrat-Bold.ttf */,
				4E7AA48119CB9F080048FB11 /* Montserrat-Regular.ttf */,
			);
			name = Fonts;
			sourceTree = "<group>";
		};
		4EAE724A19B92B6A0021C4DF /* TabBar */ = {
			isa = PBXGroup;
			children = (
				4ECFBE6119B8387C00523219 /* TabBar.swift */,
				4ECFBE6219B8387C00523219 /* TabBarItem.swift */,
			);
			name = TabBar;
			sourceTree = "<group>";
		};
		4ECFBE5A19B837D500523219 /* Controllers */ = {
			isa = PBXGroup;
			children = (
				4ECFBE6719B8388900523219 /* HomeViewController.swift */,
				4E7AA48419CB9F360048FB11 /* MapViewController.swift */,
			);
			name = Controllers;
			sourceTree = "<group>";
		};
		4ECFBE5C19B837E100523219 /* Utility */ = {
			isa = PBXGroup;
			children = (
				4ECFBE6919B8389900523219 /* Extensions.swift */,
				4EAE724B19B9DAFE0021C4DF /* HexColor.swift */,
			);
			name = Utility;
			sourceTree = "<group>";
		};
		4EDD4CE819A7C08900892A7C = {
			isa = PBXGroup;
			children = (
				4EDD4CF319A7C08900892A7C /* HopperBus */,
				4EDD4D0619A7C08900892A7C /* HopperBusTests */,
				4EDD4CF219A7C08900892A7C /* Products */,
				B8B9279D1DDC447D82840542 /* Pods.xcconfig */,
				9782702C7AE046DD969C2921 /* Frameworks */,
			);
			sourceTree = "<group>";
		};
		4EDD4CF219A7C08900892A7C /* Products */ = {
			isa = PBXGroup;
			children = (
				4EDD4CF119A7C08900892A7C /* HopperBus.app */,
				4EDD4D0319A7C08900892A7C /* HopperBusTests.xctest */,
			);
			name = Products;
			sourceTree = "<group>";
		};
		4EDD4CF319A7C08900892A7C /* HopperBus */ = {
			isa = PBXGroup;
			children = (
				4EDD4CF619A7C08900892A7C /* AppDelegate.swift */,
				4ECFBE5A19B837D500523219 /* Controllers */,
				4EDD4D1519A7C87F00892A7C /* Views */,
				4ECFBE5C19B837E100523219 /* Utility */,
				4E7AA47319CB98F90048FB11 /* Resources */,
				4EDD4CF419A7C08900892A7C /* Supporting Files */,
				4EDD4CFD19A7C08900892A7C /* Images.xcassets */,
			);
			path = HopperBus;
			sourceTree = "<group>";
		};
		4EDD4CF419A7C08900892A7C /* Supporting Files */ = {
			isa = PBXGroup;
			children = (
				4E7AA46F19CB6FCF0048FB11 /* HopperBus-Bridging-Header.h */,
				4ECFBE5D19B8387200523219 /* Info.plist */,
			);
			name = "Supporting Files";
			sourceTree = "<group>";
		};
		4EDD4D0619A7C08900892A7C /* HopperBusTests */ = {
			isa = PBXGroup;
			children = (
				4EDD4D0919A7C08900892A7C /* HopperBusTests.swift */,
				4EDD4D0719A7C08900892A7C /* Supporting Files */,
			);
			path = HopperBusTests;
			sourceTree = "<group>";
		};
		4EDD4D0719A7C08900892A7C /* Supporting Files */ = {
			isa = PBXGroup;
			children = (
				4EDD4D0819A7C08900892A7C /* Info.plist */,
			);
			name = "Supporting Files";
			sourceTree = "<group>";
		};
		4EDD4D1519A7C87F00892A7C /* Views */ = {
			isa = PBXGroup;
			children = (
				4EAE724A19B92B6A0021C4DF /* TabBar */,
				4ECFBE6019B8387C00523219 /* StopTableViewCell.swift */,
				4ECFBE5F19B8387C00523219 /* RouteHeaderView.swift */,
			);
			name = Views;
			sourceTree = "<group>";
		};
		9782702C7AE046DD969C2921 /* Frameworks */ = {
			isa = PBXGroup;
			children = (
				EBF69A0F5AB64083B3DB10FB /* libPods.a */,
			);
			name = Frameworks;
			sourceTree = "<group>";
		};
/* End PBXGroup section */

/* Begin PBXNativeTarget section */
		4EDD4CF019A7C08900892A7C /* HopperBus */ = {
			isa = PBXNativeTarget;
			buildConfigurationList = 4EDD4D0D19A7C08900892A7C /* Build configuration list for PBXNativeTarget "HopperBus" */;
			buildPhases = (
				8E6C0F0F28B04398927CBF35 /* Check Pods Manifest.lock */,
				4EDD4CED19A7C08900892A7C /* Sources */,
				4EDD4CEE19A7C08900892A7C /* Frameworks */,
				4EDD4CEF19A7C08900892A7C /* Resources */,
				CC4545332CFC4D6A8335F904 /* Copy Pods Resources */,
			);
			buildRules = (
			);
			dependencies = (
			);
			name = HopperBus;
			productName = HopperBus;
			productReference = 4EDD4CF119A7C08900892A7C /* HopperBus.app */;
			productType = "com.apple.product-type.application";
		};
		4EDD4D0219A7C08900892A7C /* HopperBusTests */ = {
			isa = PBXNativeTarget;
			buildConfigurationList = 4EDD4D1019A7C08900892A7C /* Build configuration list for PBXNativeTarget "HopperBusTests" */;
			buildPhases = (
				4EDD4CFF19A7C08900892A7C /* Sources */,
				4EDD4D0019A7C08900892A7C /* Frameworks */,
				4EDD4D0119A7C08900892A7C /* Resources */,
			);
			buildRules = (
			);
			dependencies = (
				4EDD4D0519A7C08900892A7C /* PBXTargetDependency */,
			);
			name = HopperBusTests;
			productName = HopperBusTests;
			productReference = 4EDD4D0319A7C08900892A7C /* HopperBusTests.xctest */;
			productType = "com.apple.product-type.bundle.unit-test";
		};
/* End PBXNativeTarget section */

/* Begin PBXProject section */
		4EDD4CE919A7C08900892A7C /* Project object */ = {
			isa = PBXProject;
			attributes = {
				LastUpgradeCheck = 0600;
				ORGANIZATIONNAME = "Tosin Afolabi";
				TargetAttributes = {
					4EDD4CF019A7C08900892A7C = {
						CreatedOnToolsVersion = 6.0;
						DevelopmentTeam = 3XXD9JUN7B;
					};
					4EDD4D0219A7C08900892A7C = {
						CreatedOnToolsVersion = 6.0;
						TestTargetID = 4EDD4CF019A7C08900892A7C;
					};
				};
			};
			buildConfigurationList = 4EDD4CEC19A7C08900892A7C /* Build configuration list for PBXProject "HopperBus" */;
			compatibilityVersion = "Xcode 3.2";
			developmentRegion = English;
			hasScannedForEncodings = 0;
			knownRegions = (
				en,
				Base,
			);
			mainGroup = 4EDD4CE819A7C08900892A7C;
			productRefGroup = 4EDD4CF219A7C08900892A7C /* Products */;
			projectDirPath = "";
			projectRoot = "";
			targets = (
				4EDD4CF019A7C08900892A7C /* HopperBus */,
				4EDD4D0219A7C08900892A7C /* HopperBusTests */,
			);
		};
/* End PBXProject section */

/* Begin PBXResourcesBuildPhase section */
		4EDD4CEF19A7C08900892A7C /* Resources */ = {
			isa = PBXResourcesBuildPhase;
			buildActionMask = 2147483647;
			files = (
				4E7AA48319CB9F080048FB11 /* Montserrat-Regular.ttf in Resources */,
				4E7AA48219CB9F080048FB11 /* Montserrat-Bold.ttf in Resources */,
				4E7AA47E19CB9EF00048FB11 /* UniversityParkCampus.pdf in Resources */,
				4E7AA47D19CB9EF00048FB11 /* SuttonBoningtonCampus.pdf in Resources */,
				4E7AA47C19CB9EF00048FB11 /* JubileeCampus.pdf in Resources */,
				4EDD4CFE19A7C08900892A7C /* Images.xcassets in Resources */,
			);
			runOnlyForDeploymentPostprocessing = 0;
		};
		4EDD4D0119A7C08900892A7C /* Resources */ = {
			isa = PBXResourcesBuildPhase;
			buildActionMask = 2147483647;
			files = (
			);
			runOnlyForDeploymentPostprocessing = 0;
		};
/* End PBXResourcesBuildPhase section */

/* Begin PBXShellScriptBuildPhase section */
		8E6C0F0F28B04398927CBF35 /* Check Pods Manifest.lock */ = {
			isa = PBXShellScriptBuildPhase;
			buildActionMask = 2147483647;
			files = (
			);
			inputPaths = (
			);
			name = "Check Pods Manifest.lock";
			outputPaths = (
			);
			runOnlyForDeploymentPostprocessing = 0;
			shellPath = /bin/sh;
			shellScript = "diff \"${PODS_ROOT}/../Podfile.lock\" \"${PODS_ROOT}/Manifest.lock\" > /dev/null\nif [[ $? != 0 ]] ; then\n    cat << EOM\nerror: The sandbox is not in sync with the Podfile.lock. Run 'pod install' or update your CocoaPods installation.\nEOM\n    exit 1\nfi\n";
			showEnvVarsInLog = 0;
		};
		CC4545332CFC4D6A8335F904 /* Copy Pods Resources */ = {
			isa = PBXShellScriptBuildPhase;
			buildActionMask = 2147483647;
			files = (
			);
			inputPaths = (
			);
			name = "Copy Pods Resources";
			outputPaths = (
			);
			runOnlyForDeploymentPostprocessing = 0;
			shellPath = /bin/sh;
			shellScript = "\"${SRCROOT}/Pods/Pods-resources.sh\"\n";
			showEnvVarsInLog = 0;
		};
/* End PBXShellScriptBuildPhase section */

/* Begin PBXSourcesBuildPhase section */
		4EDD4CED19A7C08900892A7C /* Sources */ = {
			isa = PBXSourcesBuildPhase;
			buildActionMask = 2147483647;
			files = (
				4EDD4CF719A7C08900892A7C /* AppDelegate.swift in Sources */,
				4ECFBE6419B8387C00523219 /* StopTableViewCell.swift in Sources */,
				4ECFBE6619B8387C00523219 /* TabBarItem.swift in Sources */,
				4ECFBE6319B8387C00523219 /* RouteHeaderView.swift in Sources */,
				4E7AA48519CB9F360048FB11 /* MapViewController.swift in Sources */,
				4ECFBE6519B8387C00523219 /* TabBar.swift in Sources */,
				4EAE724C19B9DAFE0021C4DF /* HexColor.swift in Sources */,
				4ECFBE6819B8388900523219 /* HomeViewController.swift in Sources */,
				4ECFBE6A19B8389900523219 /* Extensions.swift in Sources */,
			);
			runOnlyForDeploymentPostprocessing = 0;
		};
		4EDD4CFF19A7C08900892A7C /* Sources */ = {
			isa = PBXSourcesBuildPhase;
			buildActionMask = 2147483647;
			files = (
				4EDD4D0A19A7C08900892A7C /* HopperBusTests.swift in Sources */,
			);
			runOnlyForDeploymentPostprocessing = 0;
		};
/* End PBXSourcesBuildPhase section */

/* Begin PBXTargetDependency section */
		4EDD4D0519A7C08900892A7C /* PBXTargetDependency */ = {
			isa = PBXTargetDependency;
			target = 4EDD4CF019A7C08900892A7C /* HopperBus */;
			targetProxy = 4EDD4D0419A7C08900892A7C /* PBXContainerItemProxy */;
		};
/* End PBXTargetDependency section */

/* Begin XCBuildConfiguration section */
		4EDD4D0B19A7C08900892A7C /* Debug */ = {
			isa = XCBuildConfiguration;
			buildSettings = {
				ALWAYS_SEARCH_USER_PATHS = NO;
				CLANG_CXX_LANGUAGE_STANDARD = "gnu++0x";
				CLANG_CXX_LIBRARY = "libc++";
				CLANG_ENABLE_MODULES = YES;
				CLANG_ENABLE_OBJC_ARC = YES;
				CLANG_WARN_BOOL_CONVERSION = YES;
				CLANG_WARN_CONSTANT_CONVERSION = YES;
				CLANG_WARN_DIRECT_OBJC_ISA_USAGE = YES_ERROR;
				CLANG_WARN_EMPTY_BODY = YES;
				CLANG_WARN_ENUM_CONVERSION = YES;
				CLANG_WARN_INT_CONVERSION = YES;
				CLANG_WARN_OBJC_ROOT_CLASS = YES_ERROR;
				CLANG_WARN_UNREACHABLE_CODE = YES;
				CLANG_WARN__DUPLICATE_METHOD_MATCH = YES;
				"CODE_SIGN_IDENTITY[sdk=iphoneos*]" = "iPhone Developer";
				COPY_PHASE_STRIP = NO;
				ENABLE_STRICT_OBJC_MSGSEND = YES;
				GCC_C_LANGUAGE_STANDARD = gnu99;
				GCC_DYNAMIC_NO_PIC = NO;
				GCC_OPTIMIZATION_LEVEL = 0;
				GCC_PREPROCESSOR_DEFINITIONS = (
					"DEBUG=1",
					"$(inherited)",
				);
				GCC_SYMBOLS_PRIVATE_EXTERN = NO;
				GCC_WARN_64_TO_32_BIT_CONVERSION = YES;
				GCC_WARN_ABOUT_RETURN_TYPE = YES_ERROR;
				GCC_WARN_UNDECLARED_SELECTOR = YES;
				GCC_WARN_UNINITIALIZED_AUTOS = YES_AGGRESSIVE;
				GCC_WARN_UNUSED_FUNCTION = YES;
				GCC_WARN_UNUSED_VARIABLE = YES;
				IPHONEOS_DEPLOYMENT_TARGET = 8.0;
				MTL_ENABLE_DEBUG_INFO = YES;
				ONLY_ACTIVE_ARCH = YES;
				SDKROOT = iphoneos;
				SWIFT_OPTIMIZATION_LEVEL = "-Onone";
			};
			name = Debug;
		};
		4EDD4D0C19A7C08900892A7C /* Release */ = {
			isa = XCBuildConfiguration;
			buildSettings = {
				ALWAYS_SEARCH_USER_PATHS = NO;
				CLANG_CXX_LANGUAGE_STANDARD = "gnu++0x";
				CLANG_CXX_LIBRARY = "libc++";
				CLANG_ENABLE_MODULES = YES;
				CLANG_ENABLE_OBJC_ARC = YES;
				CLANG_WARN_BOOL_CONVERSION = YES;
				CLANG_WARN_CONSTANT_CONVERSION = YES;
				CLANG_WARN_DIRECT_OBJC_ISA_USAGE = YES_ERROR;
				CLANG_WARN_EMPTY_BODY = YES;
				CLANG_WARN_ENUM_CONVERSION = YES;
				CLANG_WARN_INT_CONVERSION = YES;
				CLANG_WARN_OBJC_ROOT_CLASS = YES_ERROR;
				CLANG_WARN_UNREACHABLE_CODE = YES;
				CLANG_WARN__DUPLICATE_METHOD_MATCH = YES;
				"CODE_SIGN_IDENTITY[sdk=iphoneos*]" = "iPhone Developer";
				COPY_PHASE_STRIP = YES;
				ENABLE_NS_ASSERTIONS = NO;
				ENABLE_STRICT_OBJC_MSGSEND = YES;
				GCC_C_LANGUAGE_STANDARD = gnu99;
				GCC_WARN_64_TO_32_BIT_CONVERSION = YES;
				GCC_WARN_ABOUT_RETURN_TYPE = YES_ERROR;
				GCC_WARN_UNDECLARED_SELECTOR = YES;
				GCC_WARN_UNINITIALIZED_AUTOS = YES_AGGRESSIVE;
				GCC_WARN_UNUSED_FUNCTION = YES;
				GCC_WARN_UNUSED_VARIABLE = YES;
				IPHONEOS_DEPLOYMENT_TARGET = 8.0;
				MTL_ENABLE_DEBUG_INFO = NO;
				SDKROOT = iphoneos;
				VALIDATE_PRODUCT = YES;
			};
			name = Release;
		};
		4EDD4D0E19A7C08900892A7C /* Debug */ = {
			isa = XCBuildConfiguration;
			baseConfigurationReference = B8B9279D1DDC447D82840542 /* Pods.xcconfig */;
			buildSettings = {
				ASSETCATALOG_COMPILER_APPICON_NAME = AppIcon;
				ASSETCATALOG_COMPILER_LAUNCHIMAGE_NAME = LaunchImage;
				CLANG_ENABLE_MODULES = YES;
				CODE_SIGN_IDENTITY = "iPhone Developer";
				FRAMEWORK_SEARCH_PATHS = (
					"$(inherited)",
					"$(PROJECT_DIR)/HopperBus",
				);
				INFOPLIST_FILE = "$(SRCROOT)/HopperBus/Supporting Files/Info.plist";
				IPHONEOS_DEPLOYMENT_TARGET = 8.0;
				LD_RUNPATH_SEARCH_PATHS = "$(inherited) @executable_path/Frameworks";
				PRODUCT_NAME = "$(TARGET_NAME)";
				SWIFT_OBJC_BRIDGING_HEADER = "HopperBus/HopperBus-Bridging-Header.h";
				SWIFT_OPTIMIZATION_LEVEL = "-Onone";
			};
			name = Debug;
		};
		4EDD4D0F19A7C08900892A7C /* Release */ = {
			isa = XCBuildConfiguration;
			baseConfigurationReference = B8B9279D1DDC447D82840542 /* Pods.xcconfig */;
			buildSettings = {
				ASSETCATALOG_COMPILER_APPICON_NAME = AppIcon;
				ASSETCATALOG_COMPILER_LAUNCHIMAGE_NAME = LaunchImage;
				CLANG_ENABLE_MODULES = YES;
				CODE_SIGN_IDENTITY = "iPhone Developer";
				FRAMEWORK_SEARCH_PATHS = (
					"$(inherited)",
					"$(PROJECT_DIR)/HopperBus",
				);
				INFOPLIST_FILE = "$(SRCROOT)/HopperBus/Supporting Files/Info.plist";
				IPHONEOS_DEPLOYMENT_TARGET = 8.0;
				LD_RUNPATH_SEARCH_PATHS = "$(inherited) @executable_path/Frameworks";
				PRODUCT_NAME = "$(TARGET_NAME)";
				SWIFT_OBJC_BRIDGING_HEADER = "HopperBus/HopperBus-Bridging-Header.h";
			};
			name = Release;
		};
		4EDD4D1119A7C08900892A7C /* Debug */ = {
			isa = XCBuildConfiguration;
			buildSettings = {
				BUNDLE_LOADER = "$(TEST_HOST)";
				FRAMEWORK_SEARCH_PATHS = (
					"$(SDKROOT)/Developer/Library/Frameworks",
					"$(inherited)",
				);
				GCC_PREPROCESSOR_DEFINITIONS = (
					"DEBUG=1",
					"$(inherited)",
				);
				INFOPLIST_FILE = HopperBusTests/Info.plist;
				LD_RUNPATH_SEARCH_PATHS = "$(inherited) @executable_path/Frameworks @loader_path/Frameworks";
				PRODUCT_NAME = "$(TARGET_NAME)";
				TEST_HOST = "$(BUILT_PRODUCTS_DIR)/HopperBus.app/HopperBus";
			};
			name = Debug;
		};
		4EDD4D1219A7C08900892A7C /* Release */ = {
			isa = XCBuildConfiguration;
			buildSettings = {
				BUNDLE_LOADER = "$(TEST_HOST)";
				FRAMEWORK_SEARCH_PATHS = (
					"$(SDKROOT)/Developer/Library/Frameworks",
					"$(inherited)",
				);
				INFOPLIST_FILE = HopperBusTests/Info.plist;
				LD_RUNPATH_SEARCH_PATHS = "$(inherited) @executable_path/Frameworks @loader_path/Frameworks";
				PRODUCT_NAME = "$(TARGET_NAME)";
				TEST_HOST = "$(BUILT_PRODUCTS_DIR)/HopperBus.app/HopperBus";
			};
			name = Release;
		};
/* End XCBuildConfiguration section */

/* Begin XCConfigurationList section */
		4EDD4CEC19A7C08900892A7C /* Build configuration list for PBXProject "HopperBus" */ = {
			isa = XCConfigurationList;
			buildConfigurations = (
				4EDD4D0B19A7C08900892A7C /* Debug */,
				4EDD4D0C19A7C08900892A7C /* Release */,
			);
			defaultConfigurationIsVisible = 0;
			defaultConfigurationName = Release;
		};
		4EDD4D0D19A7C08900892A7C /* Build configuration list for PBXNativeTarget "HopperBus" */ = {
			isa = XCConfigurationList;
			buildConfigurations = (
				4EDD4D0E19A7C08900892A7C /* Debug */,
				4EDD4D0F19A7C08900892A7C /* Release */,
			);
			defaultConfigurationIsVisible = 0;
			defaultConfigurationName = Release;
		};
		4EDD4D1019A7C08900892A7C /* Build configuration list for PBXNativeTarget "HopperBusTests" */ = {
			isa = XCConfigurationList;
			buildConfigurations = (
				4EDD4D1119A7C08900892A7C /* Debug */,
				4EDD4D1219A7C08900892A7C /* Release */,
			);
			defaultConfigurationIsVisible = 0;
			defaultConfigurationName = Release;
		};
/* End XCConfigurationList section */
	};
	rootObject = 4EDD4CE919A7C08900892A7C /* Project object */;
}
