<?xml version="1.0" encoding="UTF-8"?>
<!DOCTYPE plist PUBLIC "-//Apple//DTD PLIST 1.0//EN" "http://www.apple.com/DTDs/PropertyList-1.0.dtd">
<plist version="1.0">
<dict>
	<key>archiveVersion</key>
	<string>1</string>
	<key>classes</key>
	<dict/>
	<key>objectVersion</key>
	<string>46</string>
	<key>objects</key>
	<dict>
		<key>07BC5729BEAEFB941B8578E6</key>
		<dict>
			<key>includeInIndex</key>
			<string>1</string>
			<key>isa</key>
			<string>PBXFileReference</string>
			<key>lastKnownFileType</key>
			<string>text.xcconfig</string>
			<key>name</key>
			<string>Pods.release.xcconfig</string>
			<key>path</key>
			<string>Pods/Target Support Files/Pods/Pods.release.xcconfig</string>
			<key>sourceTree</key>
			<string>&lt;group&gt;</string>
		</dict>
		<key>4E1ECE491A0B945100F839D9</key>
		<dict>
			<key>fileEncoding</key>
			<string>4</string>
			<key>isa</key>
			<string>PBXFileReference</string>
			<key>lastKnownFileType</key>
			<string>text.json</string>
			<key>name</key>
			<string>APICodes.json</string>
			<key>path</key>
			<string>HopperBus/Resources/Routes/APICodes.json</string>
			<key>sourceTree</key>
			<string>&lt;group&gt;</string>
		</dict>
		<key>4E1ECE4A1A0B945100F839D9</key>
		<dict>
			<key>fileRef</key>
			<string>4E1ECE491A0B945100F839D9</string>
			<key>isa</key>
			<string>PBXBuildFile</string>
		</dict>
		<key>4E29202319E6316700687C0D</key>
		<dict>
			<key>fileEncoding</key>
			<string>4</string>
			<key>isa</key>
			<string>PBXFileReference</string>
			<key>lastKnownFileType</key>
			<string>sourcecode.swift</string>
			<key>name</key>
			<string>HomeViewController.swift</string>
			<key>path</key>
			<string>Controllers/HomeViewController.swift</string>
			<key>sourceTree</key>
			<string>&lt;group&gt;</string>
		</dict>
		<key>4E29202419E6316700687C0D</key>
		<dict>
			<key>fileRef</key>
			<string>4E29202319E6316700687C0D</string>
			<key>isa</key>
			<string>PBXBuildFile</string>
		</dict>
		<key>4E50244B19CBA28C002F5A11</key>
		<dict>
			<key>fileEncoding</key>
			<string>4</string>
			<key>isa</key>
			<string>PBXFileReference</string>
			<key>lastKnownFileType</key>
			<string>sourcecode.swift</string>
			<key>name</key>
			<string>PresentMapTransistionManager.swift</string>
			<key>path</key>
			<string>Utility/PresentMapTransistionManager.swift</string>
			<key>sourceTree</key>
			<string>&lt;group&gt;</string>
		</dict>
		<key>4E50244C19CBA28C002F5A11</key>
		<dict>
			<key>fileRef</key>
			<string>4E50244B19CBA28C002F5A11</string>
			<key>isa</key>
			<string>PBXBuildFile</string>
		</dict>
		<key>4E50244D19CC6714002F5A11</key>
		<dict>
			<key>isa</key>
			<string>PBXFileReference</string>
			<key>lastKnownFileType</key>
			<string>wrapper.framework</string>
			<key>name</key>
			<string>QuartzCore.framework</string>
			<key>path</key>
			<string>System/Library/Frameworks/QuartzCore.framework</string>
			<key>sourceTree</key>
			<string>SDKROOT</string>
		</dict>
		<key>4E678E201A068A4C007950BC</key>
		<dict>
			<key>fileEncoding</key>
			<string>4</string>
			<key>isa</key>
			<string>PBXFileReference</string>
			<key>lastKnownFileType</key>
			<string>sourcecode.swift</string>
			<key>name</key>
			<string>TimesViewController.swift</string>
			<key>path</key>
			<string>Controllers/TimesViewController.swift</string>
			<key>sourceTree</key>
			<string>&lt;group&gt;</string>
		</dict>
		<key>4E678E211A068A4C007950BC</key>
		<dict>
			<key>fileRef</key>
			<string>4E678E201A068A4C007950BC</string>
			<key>isa</key>
			<string>PBXBuildFile</string>
		</dict>
		<key>4E678E221A0697C9007950BC</key>
		<dict>
			<key>fileEncoding</key>
			<string>4</string>
			<key>isa</key>
			<string>PBXFileReference</string>
			<key>lastKnownFileType</key>
			<string>sourcecode.swift</string>
			<key>name</key>
			<string>PresentTimesTransistionManager.swift</string>
			<key>path</key>
			<string>Utility/PresentTimesTransistionManager.swift</string>
			<key>sourceTree</key>
			<string>&lt;group&gt;</string>
		</dict>
		<key>4E678E231A0697C9007950BC</key>
		<dict>
			<key>fileRef</key>
			<string>4E678E221A0697C9007950BC</string>
			<key>isa</key>
			<string>PBXBuildFile</string>
		</dict>
		<key>4E678E241A0736E6007950BC</key>
		<dict>
			<key>fileEncoding</key>
			<string>4</string>
			<key>isa</key>
			<string>PBXFileReference</string>
			<key>lastKnownFileType</key>
			<string>sourcecode.swift</string>
			<key>name</key>
			<string>DismissTimesTransistionManager.swift</string>
			<key>path</key>
			<string>Utility/DismissTimesTransistionManager.swift</string>
			<key>sourceTree</key>
			<string>&lt;group&gt;</string>
		</dict>
		<key>4E678E251A0736E6007950BC</key>
		<dict>
			<key>fileRef</key>
			<string>4E678E241A0736E6007950BC</string>
			<key>isa</key>
			<string>PBXBuildFile</string>
		</dict>
		<key>4E6ED68619D61CC900D903F6</key>
		<dict>
			<key>fileEncoding</key>
			<string>4</string>
			<key>isa</key>
			<string>PBXFileReference</string>
			<key>lastKnownFileType</key>
			<string>sourcecode.swift</string>
			<key>name</key>
			<string>Models.swift</string>
			<key>path</key>
			<string>Models/Models.swift</string>
			<key>sourceTree</key>
			<string>&lt;group&gt;</string>
		</dict>
		<key>4E6ED68719D61CC900D903F6</key>
		<dict>
			<key>fileRef</key>
			<string>4E6ED68619D61CC900D903F6</string>
			<key>isa</key>
			<string>PBXBuildFile</string>
		</dict>
		<key>4E6F0F9D19D1D07100EC776B</key>
		<dict>
			<key>isa</key>
			<string>PBXFileReference</string>
			<key>lastKnownFileType</key>
			<string>wrapper.framework</string>
			<key>name</key>
			<string>SwiftJSONParser.framework</string>
			<key>path</key>
			<string>ThirdPartyLibraries/SwiftJSONParser/build/Debug-iphoneos/SwiftJSONParser.framework</string>
			<key>sourceTree</key>
			<string>&lt;group&gt;</string>
		</dict>
		<key>4E6F0FA119D1DCF700EC776B</key>
		<dict>
			<key>isa</key>
			<string>PBXFileReference</string>
			<key>lastKnownFileType</key>
			<string>file</string>
			<key>name</key>
			<string>Entypo.ttf</string>
			<key>path</key>
			<string>HopperBus/Resources/Fonts/Entypo.ttf</string>
			<key>sourceTree</key>
			<string>&lt;group&gt;</string>
		</dict>
		<key>4E6F0FA219D1DCF700EC776B</key>
		<dict>
			<key>fileRef</key>
			<string>4E6F0FA119D1DCF700EC776B</string>
			<key>isa</key>
			<string>PBXBuildFile</string>
		</dict>
		<key>4E6F0FA319D1DEF300EC776B</key>
		<dict>
			<key>isa</key>
			<string>PBXFileReference</string>
			<key>lastKnownFileType</key>
			<string>wrapper.framework</string>
			<key>name</key>
			<string>SwiftyJSON.framework</string>
			<key>path</key>
			<string>ThirdPartyLibraries/SwiftyJSON/build/Debug-iphoneos/SwiftyJSON.framework</string>
			<key>sourceTree</key>
			<string>&lt;group&gt;</string>
		</dict>
		<key>4E6F0FA519D1E01D00EC776B</key>
		<dict>
			<key>fileEncoding</key>
			<string>4</string>
			<key>isa</key>
			<string>PBXFileReference</string>
			<key>lastKnownFileType</key>
			<string>sourcecode.swift</string>
			<key>name</key>
			<string>SwiftyJSON.swift</string>
			<key>path</key>
			<string>Utility/SwiftyJSON.swift</string>
			<key>sourceTree</key>
			<string>&lt;group&gt;</string>
		</dict>
		<key>4E6F0FA619D1E01D00EC776B</key>
		<dict>
			<key>fileRef</key>
			<string>4E6F0FA519D1E01D00EC776B</string>
			<key>isa</key>
			<string>PBXBuildFile</string>
		</dict>
		<key>4E6F0FA719D3409400EC776B</key>
		<dict>
			<key>fileEncoding</key>
			<string>4</string>
			<key>isa</key>
			<string>PBXFileReference</string>
			<key>lastKnownFileType</key>
			<string>sourcecode.swift</string>
			<key>name</key>
			<string>RouteViewModel.swift</string>
			<key>path</key>
			<string>Models/RouteViewModel.swift</string>
			<key>sourceTree</key>
			<string>&lt;group&gt;</string>
		</dict>
		<key>4E6F0FA819D3409400EC776B</key>
		<dict>
			<key>fileRef</key>
			<string>4E6F0FA719D3409400EC776B</string>
			<key>isa</key>
			<string>PBXBuildFile</string>
		</dict>
		<key>4E7AA47319CB98F90048FB11</key>
		<dict>
			<key>children</key>
			<array>
				<string>4EFFD78519D19E7A00127823</string>
				<string>4E7AA47F19CB9EFA0048FB11</string>
				<string>4E7AA47419CB99070048FB11</string>
			</array>
			<key>isa</key>
			<string>PBXGroup</string>
			<key>name</key>
			<string>Resources</string>
			<key>path</key>
			<string>..</string>
			<key>sourceTree</key>
			<string>&lt;group&gt;</string>
		</dict>
		<key>4E7AA47419CB99070048FB11</key>
		<dict>
			<key>children</key>
			<array>
				<string>4E7AA47919CB9EF00048FB11</string>
				<string>4E7AA47A19CB9EF00048FB11</string>
				<string>4E7AA47B19CB9EF00048FB11</string>
			</array>
			<key>isa</key>
			<string>PBXGroup</string>
			<key>name</key>
			<string>Maps</string>
			<key>sourceTree</key>
			<string>&lt;group&gt;</string>
		</dict>
		<key>4E7AA47919CB9EF00048FB11</key>
		<dict>
			<key>isa</key>
			<string>PBXFileReference</string>
			<key>lastKnownFileType</key>
			<string>image.pdf</string>
			<key>name</key>
			<string>JubileeCampus.pdf</string>
			<key>path</key>
			<string>HopperBus/Resources/Maps/JubileeCampus.pdf</string>
			<key>sourceTree</key>
			<string>&lt;group&gt;</string>
		</dict>
		<key>4E7AA47A19CB9EF00048FB11</key>
		<dict>
			<key>isa</key>
			<string>PBXFileReference</string>
			<key>lastKnownFileType</key>
			<string>image.pdf</string>
			<key>name</key>
			<string>SuttonBoningtonCampus.pdf</string>
			<key>path</key>
			<string>HopperBus/Resources/Maps/SuttonBoningtonCampus.pdf</string>
			<key>sourceTree</key>
			<string>&lt;group&gt;</string>
		</dict>
		<key>4E7AA47B19CB9EF00048FB11</key>
		<dict>
			<key>isa</key>
			<string>PBXFileReference</string>
			<key>lastKnownFileType</key>
			<string>image.pdf</string>
			<key>name</key>
			<string>UniversityParkCampus.pdf</string>
			<key>path</key>
			<string>HopperBus/Resources/Maps/UniversityParkCampus.pdf</string>
			<key>sourceTree</key>
			<string>&lt;group&gt;</string>
		</dict>
		<key>4E7AA47C19CB9EF00048FB11</key>
		<dict>
			<key>fileRef</key>
			<string>4E7AA47919CB9EF00048FB11</string>
			<key>isa</key>
			<string>PBXBuildFile</string>
		</dict>
		<key>4E7AA47D19CB9EF00048FB11</key>
		<dict>
			<key>fileRef</key>
			<string>4E7AA47A19CB9EF00048FB11</string>
			<key>isa</key>
			<string>PBXBuildFile</string>
		</dict>
		<key>4E7AA47E19CB9EF00048FB11</key>
		<dict>
			<key>fileRef</key>
			<string>4E7AA47B19CB9EF00048FB11</string>
			<key>isa</key>
			<string>PBXBuildFile</string>
		</dict>
		<key>4E7AA47F19CB9EFA0048FB11</key>
		<dict>
			<key>children</key>
			<array>
				<string>4ECE2C3D19DD75A800E47755</string>
				<string>4E6F0FA119D1DCF700EC776B</string>
				<string>4E7AA48019CB9F080048FB11</string>
				<string>4E7AA48119CB9F080048FB11</string>
			</array>
			<key>isa</key>
			<string>PBXGroup</string>
			<key>name</key>
			<string>Fonts</string>
			<key>sourceTree</key>
			<string>&lt;group&gt;</string>
		</dict>
		<key>4E7AA48019CB9F080048FB11</key>
		<dict>
			<key>isa</key>
			<string>PBXFileReference</string>
			<key>lastKnownFileType</key>
			<string>file</string>
			<key>name</key>
			<string>Montserrat-Bold.ttf</string>
			<key>path</key>
			<string>HopperBus/Resources/Fonts/Montserrat-Bold.ttf</string>
			<key>sourceTree</key>
			<string>&lt;group&gt;</string>
		</dict>
		<key>4E7AA48119CB9F080048FB11</key>
		<dict>
			<key>isa</key>
			<string>PBXFileReference</string>
			<key>lastKnownFileType</key>
			<string>file</string>
			<key>name</key>
			<string>Montserrat-Regular.ttf</string>
			<key>path</key>
			<string>HopperBus/Resources/Fonts/Montserrat-Regular.ttf</string>
			<key>sourceTree</key>
			<string>&lt;group&gt;</string>
		</dict>
		<key>4E7AA48219CB9F080048FB11</key>
		<dict>
			<key>fileRef</key>
			<string>4E7AA48019CB9F080048FB11</string>
			<key>isa</key>
			<string>PBXBuildFile</string>
		</dict>
		<key>4E7AA48319CB9F080048FB11</key>
		<dict>
			<key>fileRef</key>
			<string>4E7AA48119CB9F080048FB11</string>
			<key>isa</key>
			<string>PBXBuildFile</string>
		</dict>
		<key>4E7AA48419CB9F360048FB11</key>
		<dict>
			<key>fileEncoding</key>
			<string>4</string>
			<key>isa</key>
			<string>PBXFileReference</string>
			<key>lastKnownFileType</key>
			<string>sourcecode.swift</string>
			<key>name</key>
			<string>MapViewController.swift</string>
			<key>path</key>
			<string>Controllers/MapViewController.swift</string>
			<key>sourceTree</key>
			<string>&lt;group&gt;</string>
		</dict>
		<key>4E7AA48519CB9F360048FB11</key>
		<dict>
			<key>fileRef</key>
			<string>4E7AA48419CB9F360048FB11</string>
			<key>isa</key>
			<string>PBXBuildFile</string>
		</dict>
		<key>4E845FA919CD39A100CB4D03</key>
		<dict>
			<key>fileEncoding</key>
			<string>4</string>
			<key>isa</key>
			<string>PBXFileReference</string>
			<key>lastKnownFileType</key>
			<string>sourcecode.swift</string>
			<key>name</key>
			<string>DismissMapTransistionManager.swift</string>
			<key>path</key>
			<string>Utility/DismissMapTransistionManager.swift</string>
			<key>sourceTree</key>
			<string>&lt;group&gt;</string>
		</dict>
		<key>4E845FAA19CD39A100CB4D03</key>
		<dict>
			<key>fileRef</key>
			<string>4E845FA919CD39A100CB4D03</string>
			<key>isa</key>
			<string>PBXBuildFile</string>
		</dict>
		<key>4E90D8641A060B5000E0B6E8</key>
		<dict>
			<key>fileEncoding</key>
			<string>4</string>
			<key>isa</key>
			<string>PBXFileReference</string>
			<key>lastKnownFileType</key>
			<string>sourcecode.swift</string>
			<key>name</key>
			<string>RealTimeViewController.swift</string>
			<key>path</key>
			<string>Controllers/RealTimeViewController.swift</string>
			<key>sourceTree</key>
			<string>&lt;group&gt;</string>
		</dict>
		<key>4E90D8651A060B5000E0B6E8</key>
		<dict>
			<key>fileRef</key>
			<string>4E90D8641A060B5000E0B6E8</string>
			<key>isa</key>
			<string>PBXBuildFile</string>
		</dict>
		<key>4EA8A04719DA21EA00DDCBAF</key>
		<dict>
			<key>fileEncoding</key>
			<string>4</string>
			<key>isa</key>
			<string>PBXFileReference</string>
			<key>lastKnownFileType</key>
			<string>text.json</string>
			<key>name</key>
			<string>Routes.json</string>
			<key>path</key>
			<string>HopperBus/Resources/Routes/Routes.json</string>
			<key>sourceTree</key>
			<string>&lt;group&gt;</string>
		</dict>
		<key>4EA8A04819DA21EA00DDCBAF</key>
		<dict>
			<key>fileRef</key>
			<string>4EA8A04719DA21EA00DDCBAF</string>
			<key>isa</key>
			<string>PBXBuildFile</string>
		</dict>
		<key>4EAE724A19B92B6A0021C4DF</key>
		<dict>
			<key>children</key>
			<array>
				<string>4ECFBE6119B8387C00523219</string>
				<string>4ECFBE6219B8387C00523219</string>
			</array>
			<key>isa</key>
			<string>PBXGroup</string>
			<key>name</key>
			<string>TabBar</string>
			<key>sourceTree</key>
			<string>&lt;group&gt;</string>
		</dict>
		<key>4EB37D1819E0542B0000068C</key>
		<dict>
			<key>fileEncoding</key>
			<string>4</string>
			<key>isa</key>
			<string>PBXFileReference</string>
			<key>lastKnownFileType</key>
			<string>sourcecode.c.h</string>
			<key>name</key>
			<string>HopperBus-Bridging-Header.h</string>
			<key>path</key>
			<string>Supporting Files/HopperBus-Bridging-Header.h</string>
			<key>sourceTree</key>
			<string>&lt;group&gt;</string>
		</dict>
		<key>4ECE2C3B19DD6F7100E47755</key>
		<dict>
			<key>fileEncoding</key>
			<string>4</string>
			<key>isa</key>
			<string>PBXFileReference</string>
			<key>lastKnownFileType</key>
			<string>sourcecode.swift</string>
			<key>name</key>
			<string>Constants.swift</string>
			<key>path</key>
			<string>Utility/Constants.swift</string>
			<key>sourceTree</key>
			<string>&lt;group&gt;</string>
		</dict>
		<key>4ECE2C3C19DD6F7100E47755</key>
		<dict>
			<key>fileRef</key>
			<string>4ECE2C3B19DD6F7100E47755</string>
			<key>isa</key>
			<string>PBXBuildFile</string>
		</dict>
		<key>4ECE2C3D19DD75A800E47755</key>
		<dict>
			<key>isa</key>
			<string>PBXFileReference</string>
			<key>lastKnownFileType</key>
			<string>file</string>
			<key>name</key>
			<string>Captain-icon.ttf</string>
			<key>path</key>
			<string>HopperBus/Resources/Fonts/Captain-icon.ttf</string>
			<key>sourceTree</key>
			<string>&lt;group&gt;</string>
		</dict>
		<key>4ECE2C3E19DD75A800E47755</key>
		<dict>
			<key>fileRef</key>
			<string>4ECE2C3D19DD75A800E47755</string>
			<key>isa</key>
			<string>PBXBuildFile</string>
		</dict>
		<key>4ECE2C4319DD98C000E47755</key>
		<dict>
			<key>fileEncoding</key>
			<string>4</string>
			<key>isa</key>
			<string>PBXFileReference</string>
			<key>lastKnownFileType</key>
			<string>sourcecode.swift</string>
			<key>name</key>
			<string>TableView.swift</string>
			<key>path</key>
			<string>Utility/TableView.swift</string>
			<key>sourceTree</key>
			<string>&lt;group&gt;</string>
		</dict>
		<key>4ECE2C4419DD98C000E47755</key>
		<dict>
			<key>fileRef</key>
			<string>4ECE2C4319DD98C000E47755</string>
			<key>isa</key>
			<string>PBXBuildFile</string>
		</dict>
		<key>4ECFBE5A19B837D500523219</key>
		<dict>
			<key>children</key>
			<array>
				<string>4E29202319E6316700687C0D</string>
				<string>4ECFBE6719B8388900523219</string>
				<string>4E90D8641A060B5000E0B6E8</string>
				<string>4E7AA48419CB9F360048FB11</string>
				<string>4E678E201A068A4C007950BC</string>
			</array>
			<key>isa</key>
			<string>PBXGroup</string>
			<key>name</key>
			<string>Controllers</string>
			<key>sourceTree</key>
			<string>&lt;group&gt;</string>
		</dict>
		<key>4ECFBE5C19B837E100523219</key>
		<dict>
			<key>children</key>
			<array>
				<string>4ECE2C4319DD98C000E47755</string>
				<string>4ECFBE6919B8389900523219</string>
				<string>4ECE2C3B19DD6F7100E47755</string>
				<string>4E6F0FA519D1E01D00EC776B</string>
				<string>4EFADA221A075149001E1FB1</string>
			</array>
			<key>isa</key>
			<string>PBXGroup</string>
			<key>name</key>
			<string>Utility</string>
			<key>sourceTree</key>
			<string>&lt;group&gt;</string>
		</dict>
		<key>4ECFBE5D19B8387200523219</key>
		<dict>
			<key>fileEncoding</key>
			<string>4</string>
			<key>isa</key>
			<string>PBXFileReference</string>
			<key>lastKnownFileType</key>
			<string>text.plist.xml</string>
			<key>name</key>
			<string>Info.plist</string>
			<key>path</key>
			<string>Supporting Files/Info.plist</string>
			<key>sourceTree</key>
			<string>&lt;group&gt;</string>
		</dict>
		<key>4ECFBE5F19B8387C00523219</key>
		<dict>
			<key>fileEncoding</key>
			<string>4</string>
			<key>isa</key>
			<string>PBXFileReference</string>
			<key>lastKnownFileType</key>
			<string>sourcecode.swift</string>
			<key>name</key>
			<string>RouteHeaderView.swift</string>
			<key>path</key>
			<string>Views/RouteHeaderView.swift</string>
			<key>sourceTree</key>
			<string>&lt;group&gt;</string>
		</dict>
		<key>4ECFBE6019B8387C00523219</key>
		<dict>
			<key>fileEncoding</key>
			<string>4</string>
			<key>isa</key>
			<string>PBXFileReference</string>
			<key>lastKnownFileType</key>
			<string>sourcecode.swift</string>
			<key>name</key>
			<string>StopTableViewCell.swift</string>
			<key>path</key>
			<string>Views/StopTableViewCell.swift</string>
			<key>sourceTree</key>
			<string>&lt;group&gt;</string>
		</dict>
		<key>4ECFBE6119B8387C00523219</key>
		<dict>
			<key>fileEncoding</key>
			<string>4</string>
			<key>isa</key>
			<string>PBXFileReference</string>
			<key>lastKnownFileType</key>
			<string>sourcecode.swift</string>
			<key>name</key>
			<string>TabBar.swift</string>
			<key>path</key>
			<string>Views/TabBar.swift</string>
			<key>sourceTree</key>
			<string>&lt;group&gt;</string>
		</dict>
		<key>4ECFBE6219B8387C00523219</key>
		<dict>
			<key>fileEncoding</key>
			<string>4</string>
			<key>isa</key>
			<string>PBXFileReference</string>
			<key>lastKnownFileType</key>
			<string>sourcecode.swift</string>
			<key>name</key>
			<string>TabBarItem.swift</string>
			<key>path</key>
			<string>Views/TabBarItem.swift</string>
			<key>sourceTree</key>
			<string>&lt;group&gt;</string>
		</dict>
		<key>4ECFBE6319B8387C00523219</key>
		<dict>
			<key>fileRef</key>
			<string>4ECFBE5F19B8387C00523219</string>
			<key>isa</key>
			<string>PBXBuildFile</string>
		</dict>
		<key>4ECFBE6419B8387C00523219</key>
		<dict>
			<key>fileRef</key>
			<string>4ECFBE6019B8387C00523219</string>
			<key>isa</key>
			<string>PBXBuildFile</string>
		</dict>
		<key>4ECFBE6519B8387C00523219</key>
		<dict>
			<key>fileRef</key>
			<string>4ECFBE6119B8387C00523219</string>
			<key>isa</key>
			<string>PBXBuildFile</string>
		</dict>
		<key>4ECFBE6619B8387C00523219</key>
		<dict>
			<key>fileRef</key>
			<string>4ECFBE6219B8387C00523219</string>
			<key>isa</key>
			<string>PBXBuildFile</string>
		</dict>
		<key>4ECFBE6719B8388900523219</key>
		<dict>
			<key>fileEncoding</key>
			<string>4</string>
			<key>isa</key>
			<string>PBXFileReference</string>
			<key>lastKnownFileType</key>
			<string>sourcecode.swift</string>
			<key>name</key>
			<string>RouteViewController.swift</string>
			<key>path</key>
			<string>Controllers/RouteViewController.swift</string>
			<key>sourceTree</key>
			<string>&lt;group&gt;</string>
		</dict>
		<key>4ECFBE6819B8388900523219</key>
		<dict>
			<key>fileRef</key>
			<string>4ECFBE6719B8388900523219</string>
			<key>isa</key>
			<string>PBXBuildFile</string>
		</dict>
		<key>4ECFBE6919B8389900523219</key>
		<dict>
			<key>fileEncoding</key>
			<string>4</string>
			<key>isa</key>
			<string>PBXFileReference</string>
			<key>lastKnownFileType</key>
			<string>sourcecode.swift</string>
			<key>name</key>
			<string>Extensions.swift</string>
			<key>path</key>
			<string>Utility/Extensions.swift</string>
			<key>sourceTree</key>
			<string>&lt;group&gt;</string>
		</dict>
		<key>4ECFBE6A19B8389900523219</key>
		<dict>
			<key>fileRef</key>
			<string>4ECFBE6919B8389900523219</string>
			<key>isa</key>
			<string>PBXBuildFile</string>
		</dict>
		<key>4ED02D9519D1CA5500C1E562</key>
		<dict>
			<key>isa</key>
			<string>PBXFileReference</string>
			<key>lastKnownFileType</key>
			<string>wrapper.framework</string>
			<key>name</key>
			<string>SwiftJSONParser.framework</string>
			<key>path</key>
			<string>ThirdPartyLibraries/SwiftJSONParser/build/Debug-iphoneos/SwiftJSONParser.framework</string>
			<key>sourceTree</key>
			<string>&lt;group&gt;</string>
		</dict>
		<key>4ED02D9719D1CA6800C1E562</key>
		<dict>
			<key>isa</key>
			<string>PBXFileReference</string>
			<key>lastKnownFileType</key>
			<string>wrapper.framework</string>
			<key>name</key>
			<string>SwiftJSONParser.framework</string>
			<key>path</key>
			<string>ThirdPartyLibraries/SwiftJSONParser/build/Debug-iphoneos/SwiftJSONParser.framework</string>
			<key>sourceTree</key>
			<string>&lt;group&gt;</string>
		</dict>
		<key>4ED02D9919D1CA9C00C1E562</key>
		<dict>
			<key>isa</key>
			<string>PBXFileReference</string>
			<key>lastKnownFileType</key>
			<string>wrapper.framework</string>
			<key>name</key>
			<string>SwiftJSONParser.framework</string>
			<key>path</key>
			<string>ThirdPartyLibraries/SwiftJSONParser/build/Debug-iphoneos/SwiftJSONParser.framework</string>
			<key>sourceTree</key>
			<string>&lt;group&gt;</string>
		</dict>
		<key>4ED3688A1A0DDF7900EEDB34</key>
		<dict>
			<key>fileEncoding</key>
			<string>4</string>
			<key>isa</key>
			<string>PBXFileReference</string>
			<key>lastKnownFileType</key>
			<string>sourcecode.swift</string>
			<key>name</key>
			<string>ReaITimeViewModel.swift</string>
			<key>path</key>
			<string>Models/ReaITimeViewModel.swift</string>
			<key>sourceTree</key>
			<string>&lt;group&gt;</string>
		</dict>
		<key>4ED3688B1A0DDF7900EEDB34</key>
		<dict>
			<key>fileRef</key>
			<string>4ED3688A1A0DDF7900EEDB34</string>
			<key>isa</key>
			<string>PBXBuildFile</string>
		</dict>
		<key>4EDD4CE819A7C08900892A7C</key>
		<dict>
			<key>children</key>
			<array>
				<string>4EDD4CF319A7C08900892A7C</string>
				<string>4EDD4D0619A7C08900892A7C</string>
				<string>4EDD4CF219A7C08900892A7C</string>
				<string>9782702C7AE046DD969C2921</string>
				<string>76D55A072CD0A11F3CFBBC35</string>
			</array>
			<key>isa</key>
			<string>PBXGroup</string>
			<key>sourceTree</key>
			<string>&lt;group&gt;</string>
		</dict>
		<key>4EDD4CE919A7C08900892A7C</key>
		<dict>
			<key>attributes</key>
			<dict>
				<key>LastUpgradeCheck</key>
				<string>0600</string>
				<key>ORGANIZATIONNAME</key>
				<string>Tosin Afolabi</string>
				<key>TargetAttributes</key>
				<dict>
					<key>4EDD4CF019A7C08900892A7C</key>
					<dict>
						<key>CreatedOnToolsVersion</key>
						<string>6.0</string>
						<key>DevelopmentTeam</key>
						<string>3XXD9JUN7B</string>
					</dict>
					<key>4EDD4D0219A7C08900892A7C</key>
					<dict>
						<key>CreatedOnToolsVersion</key>
						<string>6.0</string>
						<key>TestTargetID</key>
						<string>4EDD4CF019A7C08900892A7C</string>
					</dict>
				</dict>
			</dict>
			<key>buildConfigurationList</key>
			<string>4EDD4CEC19A7C08900892A7C</string>
			<key>compatibilityVersion</key>
			<string>Xcode 3.2</string>
			<key>developmentRegion</key>
			<string>English</string>
			<key>hasScannedForEncodings</key>
			<string>0</string>
			<key>isa</key>
			<string>PBXProject</string>
			<key>knownRegions</key>
			<array>
				<string>en</string>
				<string>Base</string>
			</array>
			<key>mainGroup</key>
			<string>4EDD4CE819A7C08900892A7C</string>
			<key>productRefGroup</key>
			<string>4EDD4CF219A7C08900892A7C</string>
			<key>projectDirPath</key>
			<string></string>
			<key>projectReferences</key>
			<array/>
			<key>projectRoot</key>
			<string></string>
			<key>targets</key>
			<array>
				<string>4EDD4CF019A7C08900892A7C</string>
				<string>4EDD4D0219A7C08900892A7C</string>
			</array>
		</dict>
		<key>4EDD4CEC19A7C08900892A7C</key>
		<dict>
			<key>buildConfigurations</key>
			<array>
				<string>4EDD4D0B19A7C08900892A7C</string>
				<string>4EDD4D0C19A7C08900892A7C</string>
			</array>
			<key>defaultConfigurationIsVisible</key>
			<string>0</string>
			<key>defaultConfigurationName</key>
			<string>Release</string>
			<key>isa</key>
			<string>XCConfigurationList</string>
		</dict>
		<key>4EDD4CED19A7C08900892A7C</key>
		<dict>
			<key>buildActionMask</key>
			<string>2147483647</string>
			<key>files</key>
			<array>
				<string>4E6F0FA819D3409400EC776B</string>
				<string>4E678E211A068A4C007950BC</string>
				<string>4E50244C19CBA28C002F5A11</string>
				<string>4EDD4CF719A7C08900892A7C</string>
				<string>4ECFBE6419B8387C00523219</string>
				<string>4ECFBE6619B8387C00523219</string>
				<string>4E678E251A0736E6007950BC</string>
				<string>4ED3688B1A0DDF7900EEDB34</string>
				<string>4E6F0FA619D1E01D00EC776B</string>
				<string>4ECFBE6319B8387C00523219</string>
				<string>4E90D8651A060B5000E0B6E8</string>
				<string>4E7AA48519CB9F360048FB11</string>
				<string>4ECFBE6519B8387C00523219</string>
				<string>4E6ED68719D61CC900D903F6</string>
				<string>4ECE2C3C19DD6F7100E47755</string>
				<string>4E29202419E6316700687C0D</string>
				<string>4ECFBE6819B8388900523219</string>
				<string>4ECE2C4419DD98C000E47755</string>
				<string>4E678E231A0697C9007950BC</string>
				<string>4E845FAA19CD39A100CB4D03</string>
				<string>4ECFBE6A19B8389900523219</string>
			</array>
			<key>isa</key>
			<string>PBXSourcesBuildPhase</string>
			<key>runOnlyForDeploymentPostprocessing</key>
			<string>0</string>
		</dict>
		<key>4EDD4CEE19A7C08900892A7C</key>
		<dict>
			<key>buildActionMask</key>
			<string>2147483647</string>
			<key>files</key>
			<array>
				<string>7B4AA58A492C4E4180CF282D</string>
			</array>
			<key>isa</key>
			<string>PBXFrameworksBuildPhase</string>
			<key>runOnlyForDeploymentPostprocessing</key>
			<string>0</string>
		</dict>
		<key>4EDD4CEF19A7C08900892A7C</key>
		<dict>
			<key>buildActionMask</key>
			<string>2147483647</string>
			<key>files</key>
			<array>
				<string>4E7AA48319CB9F080048FB11</string>
				<string>4E7AA48219CB9F080048FB11</string>
				<string>4E7AA47E19CB9EF00048FB11</string>
				<string>4E7AA47D19CB9EF00048FB11</string>
				<string>4EA8A04819DA21EA00DDCBAF</string>
				<string>4ECE2C3E19DD75A800E47755</string>
				<string>4E6F0FA219D1DCF700EC776B</string>
				<string>4E1ECE4A1A0B945100F839D9</string>
				<string>4E7AA47C19CB9EF00048FB11</string>
				<string>4EDD4CFE19A7C08900892A7C</string>
			</array>
			<key>isa</key>
			<string>PBXResourcesBuildPhase</string>
			<key>runOnlyForDeploymentPostprocessing</key>
			<string>0</string>
		</dict>
		<key>4EDD4CF019A7C08900892A7C</key>
		<dict>
			<key>buildConfigurationList</key>
			<string>4EDD4D0D19A7C08900892A7C</string>
			<key>buildPhases</key>
			<array>
				<string>8E6C0F0F28B04398927CBF35</string>
				<string>4EDD4CED19A7C08900892A7C</string>
				<string>4EDD4CEE19A7C08900892A7C</string>
				<string>4EDD4CEF19A7C08900892A7C</string>
				<string>CC4545332CFC4D6A8335F904</string>
			</array>
			<key>buildRules</key>
			<array/>
			<key>dependencies</key>
			<array/>
			<key>isa</key>
			<string>PBXNativeTarget</string>
			<key>name</key>
			<string>HopperBus</string>
			<key>productName</key>
			<string>HopperBus</string>
			<key>productReference</key>
			<string>4EDD4CF119A7C08900892A7C</string>
			<key>productType</key>
			<string>com.apple.product-type.application</string>
		</dict>
		<key>4EDD4CF119A7C08900892A7C</key>
		<dict>
			<key>explicitFileType</key>
			<string>wrapper.application</string>
			<key>includeInIndex</key>
			<string>0</string>
			<key>isa</key>
			<string>PBXFileReference</string>
			<key>path</key>
			<string>HopperBus.app</string>
			<key>sourceTree</key>
			<string>BUILT_PRODUCTS_DIR</string>
		</dict>
		<key>4EDD4CF219A7C08900892A7C</key>
		<dict>
			<key>children</key>
			<array>
				<string>4EDD4CF119A7C08900892A7C</string>
				<string>4EDD4D0319A7C08900892A7C</string>
			</array>
			<key>isa</key>
			<string>PBXGroup</string>
			<key>name</key>
			<string>Products</string>
			<key>sourceTree</key>
			<string>&lt;group&gt;</string>
		</dict>
		<key>4EDD4CF319A7C08900892A7C</key>
		<dict>
			<key>children</key>
			<array>
				<string>4EDD4CF619A7C08900892A7C</string>
				<string>4ECFBE5A19B837D500523219</string>
				<string>4EDD4D1519A7C87F00892A7C</string>
				<string>4EFFD79D19D1A7E600127823</string>
				<string>4ECFBE5C19B837E100523219</string>
				<string>4E7AA47319CB98F90048FB11</string>
				<string>4EDD4CF419A7C08900892A7C</string>
				<string>4EDD4CFD19A7C08900892A7C</string>
			</array>
			<key>isa</key>
			<string>PBXGroup</string>
			<key>path</key>
			<string>HopperBus</string>
			<key>sourceTree</key>
			<string>&lt;group&gt;</string>
		</dict>
		<key>4EDD4CF419A7C08900892A7C</key>
		<dict>
			<key>children</key>
			<array>
				<string>4ECFBE5D19B8387200523219</string>
				<string>4EB37D1819E0542B0000068C</string>
			</array>
			<key>isa</key>
			<string>PBXGroup</string>
			<key>name</key>
			<string>Supporting Files</string>
			<key>sourceTree</key>
			<string>&lt;group&gt;</string>
		</dict>
		<key>4EDD4CF619A7C08900892A7C</key>
		<dict>
			<key>isa</key>
			<string>PBXFileReference</string>
			<key>lastKnownFileType</key>
			<string>sourcecode.swift</string>
			<key>path</key>
			<string>AppDelegate.swift</string>
			<key>sourceTree</key>
			<string>&lt;group&gt;</string>
		</dict>
		<key>4EDD4CF719A7C08900892A7C</key>
		<dict>
			<key>fileRef</key>
			<string>4EDD4CF619A7C08900892A7C</string>
			<key>isa</key>
			<string>PBXBuildFile</string>
		</dict>
		<key>4EDD4CFD19A7C08900892A7C</key>
		<dict>
			<key>isa</key>
			<string>PBXFileReference</string>
			<key>lastKnownFileType</key>
			<string>folder.assetcatalog</string>
			<key>path</key>
			<string>Images.xcassets</string>
			<key>sourceTree</key>
			<string>&lt;group&gt;</string>
		</dict>
		<key>4EDD4CFE19A7C08900892A7C</key>
		<dict>
			<key>fileRef</key>
			<string>4EDD4CFD19A7C08900892A7C</string>
			<key>isa</key>
			<string>PBXBuildFile</string>
		</dict>
		<key>4EDD4CFF19A7C08900892A7C</key>
		<dict>
			<key>buildActionMask</key>
			<string>2147483647</string>
			<key>files</key>
			<array>
				<string>4EDD4D0A19A7C08900892A7C</string>
			</array>
			<key>isa</key>
			<string>PBXSourcesBuildPhase</string>
			<key>runOnlyForDeploymentPostprocessing</key>
			<string>0</string>
		</dict>
		<key>4EDD4D0019A7C08900892A7C</key>
		<dict>
			<key>buildActionMask</key>
			<string>2147483647</string>
			<key>files</key>
			<array/>
			<key>isa</key>
			<string>PBXFrameworksBuildPhase</string>
			<key>runOnlyForDeploymentPostprocessing</key>
			<string>0</string>
		</dict>
		<key>4EDD4D0119A7C08900892A7C</key>
		<dict>
			<key>buildActionMask</key>
			<string>2147483647</string>
			<key>files</key>
			<array/>
			<key>isa</key>
			<string>PBXResourcesBuildPhase</string>
			<key>runOnlyForDeploymentPostprocessing</key>
			<string>0</string>
		</dict>
		<key>4EDD4D0219A7C08900892A7C</key>
		<dict>
			<key>buildConfigurationList</key>
			<string>4EDD4D1019A7C08900892A7C</string>
			<key>buildPhases</key>
			<array>
				<string>4EDD4CFF19A7C08900892A7C</string>
				<string>4EDD4D0019A7C08900892A7C</string>
				<string>4EDD4D0119A7C08900892A7C</string>
			</array>
			<key>buildRules</key>
			<array/>
			<key>dependencies</key>
			<array>
				<string>4EDD4D0519A7C08900892A7C</string>
			</array>
			<key>isa</key>
			<string>PBXNativeTarget</string>
			<key>name</key>
			<string>HopperBusTests</string>
			<key>productName</key>
			<string>HopperBusTests</string>
			<key>productReference</key>
			<string>4EDD4D0319A7C08900892A7C</string>
			<key>productType</key>
			<string>com.apple.product-type.bundle.unit-test</string>
		</dict>
		<key>4EDD4D0319A7C08900892A7C</key>
		<dict>
			<key>explicitFileType</key>
			<string>wrapper.cfbundle</string>
			<key>includeInIndex</key>
			<string>0</string>
			<key>isa</key>
			<string>PBXFileReference</string>
			<key>path</key>
			<string>HopperBusTests.xctest</string>
			<key>sourceTree</key>
			<string>BUILT_PRODUCTS_DIR</string>
		</dict>
		<key>4EDD4D0419A7C08900892A7C</key>
		<dict>
			<key>containerPortal</key>
			<string>4EDD4CE919A7C08900892A7C</string>
			<key>isa</key>
			<string>PBXContainerItemProxy</string>
			<key>proxyType</key>
			<string>1</string>
			<key>remoteGlobalIDString</key>
			<string>4EDD4CF019A7C08900892A7C</string>
			<key>remoteInfo</key>
			<string>HopperBus</string>
		</dict>
		<key>4EDD4D0519A7C08900892A7C</key>
		<dict>
			<key>isa</key>
			<string>PBXTargetDependency</string>
			<key>target</key>
			<string>4EDD4CF019A7C08900892A7C</string>
			<key>targetProxy</key>
			<string>4EDD4D0419A7C08900892A7C</string>
		</dict>
		<key>4EDD4D0619A7C08900892A7C</key>
		<dict>
			<key>children</key>
			<array>
				<string>4EDD4D0919A7C08900892A7C</string>
				<string>4EDD4D0719A7C08900892A7C</string>
			</array>
			<key>isa</key>
			<string>PBXGroup</string>
			<key>path</key>
			<string>HopperBusTests</string>
			<key>sourceTree</key>
			<string>&lt;group&gt;</string>
		</dict>
		<key>4EDD4D0719A7C08900892A7C</key>
		<dict>
			<key>children</key>
			<array>
				<string>4EDD4D0819A7C08900892A7C</string>
			</array>
			<key>isa</key>
			<string>PBXGroup</string>
			<key>name</key>
			<string>Supporting Files</string>
			<key>sourceTree</key>
			<string>&lt;group&gt;</string>
		</dict>
		<key>4EDD4D0819A7C08900892A7C</key>
		<dict>
			<key>isa</key>
			<string>PBXFileReference</string>
			<key>lastKnownFileType</key>
			<string>text.plist.xml</string>
			<key>path</key>
			<string>Info.plist</string>
			<key>sourceTree</key>
			<string>&lt;group&gt;</string>
		</dict>
		<key>4EDD4D0919A7C08900892A7C</key>
		<dict>
			<key>isa</key>
			<string>PBXFileReference</string>
			<key>lastKnownFileType</key>
			<string>sourcecode.swift</string>
			<key>path</key>
			<string>HopperBusTests.swift</string>
			<key>sourceTree</key>
			<string>&lt;group&gt;</string>
		</dict>
		<key>4EDD4D0A19A7C08900892A7C</key>
		<dict>
			<key>fileRef</key>
			<string>4EDD4D0919A7C08900892A7C</string>
			<key>isa</key>
			<string>PBXBuildFile</string>
		</dict>
		<key>4EDD4D0B19A7C08900892A7C</key>
		<dict>
			<key>buildSettings</key>
			<dict>
				<key>ALWAYS_SEARCH_USER_PATHS</key>
				<string>NO</string>
				<key>CLANG_CXX_LANGUAGE_STANDARD</key>
				<string>gnu++0x</string>
				<key>CLANG_CXX_LIBRARY</key>
				<string>libc++</string>
				<key>CLANG_ENABLE_MODULES</key>
				<string>YES</string>
				<key>CLANG_ENABLE_OBJC_ARC</key>
				<string>YES</string>
				<key>CLANG_WARN_BOOL_CONVERSION</key>
				<string>YES</string>
				<key>CLANG_WARN_CONSTANT_CONVERSION</key>
				<string>YES</string>
				<key>CLANG_WARN_DIRECT_OBJC_ISA_USAGE</key>
				<string>YES_ERROR</string>
				<key>CLANG_WARN_EMPTY_BODY</key>
				<string>YES</string>
				<key>CLANG_WARN_ENUM_CONVERSION</key>
				<string>YES</string>
				<key>CLANG_WARN_INT_CONVERSION</key>
				<string>YES</string>
				<key>CLANG_WARN_OBJC_ROOT_CLASS</key>
				<string>YES_ERROR</string>
				<key>CLANG_WARN_UNREACHABLE_CODE</key>
				<string>YES</string>
				<key>CLANG_WARN__DUPLICATE_METHOD_MATCH</key>
				<string>YES</string>
				<key>CODE_SIGN_IDENTITY[sdk=iphoneos*]</key>
				<string>iPhone Developer</string>
				<key>COPY_PHASE_STRIP</key>
				<string>NO</string>
				<key>ENABLE_STRICT_OBJC_MSGSEND</key>
				<string>YES</string>
				<key>GCC_C_LANGUAGE_STANDARD</key>
				<string>gnu99</string>
				<key>GCC_DYNAMIC_NO_PIC</key>
				<string>NO</string>
				<key>GCC_OPTIMIZATION_LEVEL</key>
				<string>0</string>
				<key>GCC_PREPROCESSOR_DEFINITIONS</key>
				<array>
					<string>DEBUG=1</string>
					<string>$(inherited)</string>
				</array>
				<key>GCC_SYMBOLS_PRIVATE_EXTERN</key>
				<string>NO</string>
				<key>GCC_WARN_64_TO_32_BIT_CONVERSION</key>
				<string>YES</string>
				<key>GCC_WARN_ABOUT_RETURN_TYPE</key>
				<string>YES_ERROR</string>
				<key>GCC_WARN_UNDECLARED_SELECTOR</key>
				<string>YES</string>
				<key>GCC_WARN_UNINITIALIZED_AUTOS</key>
				<string>YES_AGGRESSIVE</string>
				<key>GCC_WARN_UNUSED_FUNCTION</key>
				<string>YES</string>
				<key>GCC_WARN_UNUSED_VARIABLE</key>
				<string>YES</string>
				<key>IPHONEOS_DEPLOYMENT_TARGET</key>
				<string>8.0</string>
				<key>MTL_ENABLE_DEBUG_INFO</key>
				<string>YES</string>
				<key>ONLY_ACTIVE_ARCH</key>
				<string>YES</string>
				<key>SDKROOT</key>
				<string>iphoneos</string>
				<key>SWIFT_OPTIMIZATION_LEVEL</key>
				<string>-Onone</string>
			</dict>
			<key>isa</key>
			<string>XCBuildConfiguration</string>
			<key>name</key>
			<string>Debug</string>
		</dict>
		<key>4EDD4D0C19A7C08900892A7C</key>
		<dict>
			<key>buildSettings</key>
			<dict>
				<key>ALWAYS_SEARCH_USER_PATHS</key>
				<string>NO</string>
				<key>CLANG_CXX_LANGUAGE_STANDARD</key>
				<string>gnu++0x</string>
				<key>CLANG_CXX_LIBRARY</key>
				<string>libc++</string>
				<key>CLANG_ENABLE_MODULES</key>
				<string>YES</string>
				<key>CLANG_ENABLE_OBJC_ARC</key>
				<string>YES</string>
				<key>CLANG_WARN_BOOL_CONVERSION</key>
				<string>YES</string>
				<key>CLANG_WARN_CONSTANT_CONVERSION</key>
				<string>YES</string>
				<key>CLANG_WARN_DIRECT_OBJC_ISA_USAGE</key>
				<string>YES_ERROR</string>
				<key>CLANG_WARN_EMPTY_BODY</key>
				<string>YES</string>
				<key>CLANG_WARN_ENUM_CONVERSION</key>
				<string>YES</string>
				<key>CLANG_WARN_INT_CONVERSION</key>
				<string>YES</string>
				<key>CLANG_WARN_OBJC_ROOT_CLASS</key>
				<string>YES_ERROR</string>
				<key>CLANG_WARN_UNREACHABLE_CODE</key>
				<string>YES</string>
				<key>CLANG_WARN__DUPLICATE_METHOD_MATCH</key>
				<string>YES</string>
				<key>CODE_SIGN_IDENTITY[sdk=iphoneos*]</key>
				<string>iPhone Developer</string>
				<key>COPY_PHASE_STRIP</key>
				<string>YES</string>
				<key>ENABLE_NS_ASSERTIONS</key>
				<string>NO</string>
				<key>ENABLE_STRICT_OBJC_MSGSEND</key>
				<string>YES</string>
				<key>GCC_C_LANGUAGE_STANDARD</key>
				<string>gnu99</string>
				<key>GCC_WARN_64_TO_32_BIT_CONVERSION</key>
				<string>YES</string>
				<key>GCC_WARN_ABOUT_RETURN_TYPE</key>
				<string>YES_ERROR</string>
				<key>GCC_WARN_UNDECLARED_SELECTOR</key>
				<string>YES</string>
				<key>GCC_WARN_UNINITIALIZED_AUTOS</key>
				<string>YES_AGGRESSIVE</string>
				<key>GCC_WARN_UNUSED_FUNCTION</key>
				<string>YES</string>
				<key>GCC_WARN_UNUSED_VARIABLE</key>
				<string>YES</string>
				<key>IPHONEOS_DEPLOYMENT_TARGET</key>
				<string>8.0</string>
				<key>MTL_ENABLE_DEBUG_INFO</key>
				<string>NO</string>
				<key>SDKROOT</key>
				<string>iphoneos</string>
				<key>VALIDATE_PRODUCT</key>
				<string>YES</string>
			</dict>
			<key>isa</key>
			<string>XCBuildConfiguration</string>
			<key>name</key>
			<string>Release</string>
		</dict>
		<key>4EDD4D0D19A7C08900892A7C</key>
		<dict>
			<key>buildConfigurations</key>
			<array>
				<string>4EDD4D0E19A7C08900892A7C</string>
				<string>4EDD4D0F19A7C08900892A7C</string>
			</array>
			<key>defaultConfigurationIsVisible</key>
			<string>0</string>
			<key>defaultConfigurationName</key>
			<string>Release</string>
			<key>isa</key>
			<string>XCConfigurationList</string>
		</dict>
		<key>4EDD4D0E19A7C08900892A7C</key>
		<dict>
			<key>baseConfigurationReference</key>
			<string>FA14403E8B1B450553F9FF1A</string>
			<key>buildSettings</key>
			<dict>
				<key>ASSETCATALOG_COMPILER_APPICON_NAME</key>
				<string>AppIcon</string>
				<key>ASSETCATALOG_COMPILER_LAUNCHIMAGE_NAME</key>
				<string>LaunchImage</string>
				<key>CLANG_ENABLE_MODULES</key>
				<string>YES</string>
				<key>CODE_SIGN_IDENTITY</key>
				<string>iPhone Developer</string>
				<key>FRAMEWORK_SEARCH_PATHS</key>
				<array>
					<string>$(inherited)</string>
					<string>$(PROJECT_DIR)/HopperBus</string>
					<string>$(PROJECT_DIR)</string>
				</array>
				<key>INFOPLIST_FILE</key>
				<string>$(SRCROOT)/HopperBus/Supporting Files/Info.plist</string>
				<key>IPHONEOS_DEPLOYMENT_TARGET</key>
				<string>7.1</string>
				<key>LD_RUNPATH_SEARCH_PATHS</key>
				<string>$(inherited) @executable_path/Frameworks</string>
				<key>PRODUCT_NAME</key>
				<string>$(TARGET_NAME)</string>
				<key>SWIFT_OBJC_BRIDGING_HEADER</key>
				<string>HopperBus/Supporting Files/HopperBus-Bridging-Header.h</string>
				<key>SWIFT_OPTIMIZATION_LEVEL</key>
				<string>-Onone</string>
				<key>TARGETED_DEVICE_FAMILY</key>
				<string>1</string>
			</dict>
			<key>isa</key>
			<string>XCBuildConfiguration</string>
			<key>name</key>
			<string>Debug</string>
		</dict>
		<key>4EDD4D0F19A7C08900892A7C</key>
		<dict>
			<key>baseConfigurationReference</key>
			<string>07BC5729BEAEFB941B8578E6</string>
			<key>buildSettings</key>
			<dict>
				<key>ASSETCATALOG_COMPILER_APPICON_NAME</key>
				<string>AppIcon</string>
				<key>ASSETCATALOG_COMPILER_LAUNCHIMAGE_NAME</key>
				<string>LaunchImage</string>
				<key>CLANG_ENABLE_MODULES</key>
				<string>YES</string>
				<key>CODE_SIGN_IDENTITY</key>
				<string>iPhone Developer</string>
				<key>FRAMEWORK_SEARCH_PATHS</key>
				<array>
					<string>$(inherited)</string>
					<string>$(PROJECT_DIR)/HopperBus</string>
					<string>$(PROJECT_DIR)</string>
				</array>
				<key>INFOPLIST_FILE</key>
				<string>$(SRCROOT)/HopperBus/Supporting Files/Info.plist</string>
				<key>IPHONEOS_DEPLOYMENT_TARGET</key>
				<string>7.1</string>
				<key>LD_RUNPATH_SEARCH_PATHS</key>
				<string>$(inherited) @executable_path/Frameworks</string>
				<key>PRODUCT_NAME</key>
				<string>$(TARGET_NAME)</string>
				<key>SWIFT_OBJC_BRIDGING_HEADER</key>
				<string>HopperBus/Supporting Files/HopperBus-Bridging-Header.h</string>
				<key>TARGETED_DEVICE_FAMILY</key>
				<string>1</string>
			</dict>
			<key>isa</key>
			<string>XCBuildConfiguration</string>
			<key>name</key>
			<string>Release</string>
		</dict>
		<key>4EDD4D1019A7C08900892A7C</key>
		<dict>
			<key>buildConfigurations</key>
			<array>
				<string>4EDD4D1119A7C08900892A7C</string>
				<string>4EDD4D1219A7C08900892A7C</string>
			</array>
			<key>defaultConfigurationIsVisible</key>
			<string>0</string>
			<key>defaultConfigurationName</key>
			<string>Release</string>
			<key>isa</key>
			<string>XCConfigurationList</string>
		</dict>
		<key>4EDD4D1119A7C08900892A7C</key>
		<dict>
			<key>buildSettings</key>
			<dict>
				<key>BUNDLE_LOADER</key>
				<string>$(TEST_HOST)</string>
				<key>FRAMEWORK_SEARCH_PATHS</key>
				<array>
					<string>$(SDKROOT)/Developer/Library/Frameworks</string>
					<string>$(inherited)</string>
				</array>
				<key>GCC_PREPROCESSOR_DEFINITIONS</key>
				<array>
					<string>DEBUG=1</string>
					<string>$(inherited)</string>
				</array>
				<key>INFOPLIST_FILE</key>
				<string>HopperBusTests/Info.plist</string>
				<key>LD_RUNPATH_SEARCH_PATHS</key>
				<string>$(inherited) @executable_path/Frameworks @loader_path/Frameworks</string>
				<key>PRODUCT_NAME</key>
				<string>$(TARGET_NAME)</string>
				<key>TEST_HOST</key>
				<string>$(BUILT_PRODUCTS_DIR)/HopperBus.app/HopperBus</string>
			</dict>
			<key>isa</key>
			<string>XCBuildConfiguration</string>
			<key>name</key>
			<string>Debug</string>
		</dict>
		<key>4EDD4D1219A7C08900892A7C</key>
		<dict>
			<key>buildSettings</key>
			<dict>
				<key>BUNDLE_LOADER</key>
				<string>$(TEST_HOST)</string>
				<key>FRAMEWORK_SEARCH_PATHS</key>
				<array>
					<string>$(SDKROOT)/Developer/Library/Frameworks</string>
					<string>$(inherited)</string>
				</array>
				<key>INFOPLIST_FILE</key>
				<string>HopperBusTests/Info.plist</string>
				<key>LD_RUNPATH_SEARCH_PATHS</key>
				<string>$(inherited) @executable_path/Frameworks @loader_path/Frameworks</string>
				<key>PRODUCT_NAME</key>
				<string>$(TARGET_NAME)</string>
				<key>TEST_HOST</key>
				<string>$(BUILT_PRODUCTS_DIR)/HopperBus.app/HopperBus</string>
			</dict>
			<key>isa</key>
			<string>XCBuildConfiguration</string>
			<key>name</key>
			<string>Release</string>
		</dict>
		<key>4EDD4D1519A7C87F00892A7C</key>
		<dict>
			<key>children</key>
			<array>
				<string>4EAE724A19B92B6A0021C4DF</string>
				<string>4ECFBE5F19B8387C00523219</string>
				<string>4ECFBE6019B8387C00523219</string>
			</array>
			<key>isa</key>
			<string>PBXGroup</string>
			<key>name</key>
			<string>Views</string>
			<key>sourceTree</key>
			<string>&lt;group&gt;</string>
		</dict>
		<key>4EFADA221A075149001E1FB1</key>
		<dict>
			<key>children</key>
			<array>
				<string>4E50244B19CBA28C002F5A11</string>
				<string>4E845FA919CD39A100CB4D03</string>
				<string>4E678E221A0697C9007950BC</string>
				<string>4E678E241A0736E6007950BC</string>
			</array>
			<key>isa</key>
			<string>PBXGroup</string>
			<key>name</key>
			<string>TransistionManagers</string>
			<key>sourceTree</key>
			<string>&lt;group&gt;</string>
		</dict>
		<key>4EFFD78519D19E7A00127823</key>
		<dict>
			<key>children</key>
			<array>
				<string>4EA8A04719DA21EA00DDCBAF</string>
				<string>4E1ECE491A0B945100F839D9</string>
			</array>
			<key>isa</key>
			<string>PBXGroup</string>
			<key>name</key>
			<string>Routes</string>
			<key>sourceTree</key>
			<string>&lt;group&gt;</string>
		</dict>
		<key>4EFFD79D19D1A7E600127823</key>
		<dict>
			<key>children</key>
			<array>
				<string>4E6F0FA719D3409400EC776B</string>
				<string>4ED3688A1A0DDF7900EEDB34</string>
				<string>4E6ED68619D61CC900D903F6</string>
			</array>
			<key>isa</key>
			<string>PBXGroup</string>
			<key>name</key>
			<string>Models</string>
			<key>sourceTree</key>
			<string>&lt;group&gt;</string>
		</dict>
		<key>76D55A072CD0A11F3CFBBC35</key>
		<dict>
			<key>children</key>
			<array>
				<string>FA14403E8B1B450553F9FF1A</string>
				<string>07BC5729BEAEFB941B8578E6</string>
			</array>
			<key>isa</key>
			<string>PBXGroup</string>
			<key>name</key>
			<string>Pods</string>
			<key>sourceTree</key>
			<string>&lt;group&gt;</string>
		</dict>
		<key>7B4AA58A492C4E4180CF282D</key>
		<dict>
			<key>fileRef</key>
			<string>EBF69A0F5AB64083B3DB10FB</string>
			<key>isa</key>
			<string>PBXBuildFile</string>
		</dict>
		<key>8E6C0F0F28B04398927CBF35</key>
		<dict>
			<key>buildActionMask</key>
			<string>2147483647</string>
			<key>files</key>
			<array/>
			<key>inputPaths</key>
			<array/>
			<key>isa</key>
			<string>PBXShellScriptBuildPhase</string>
			<key>name</key>
			<string>Check Pods Manifest.lock</string>
			<key>outputPaths</key>
			<array/>
			<key>runOnlyForDeploymentPostprocessing</key>
			<string>0</string>
			<key>shellPath</key>
			<string>/bin/sh</string>
			<key>shellScript</key>
			<string>diff "${PODS_ROOT}/../Podfile.lock" "${PODS_ROOT}/Manifest.lock" &gt; /dev/null
if [[ $? != 0 ]] ; then
    cat &lt;&lt; EOM
error: The sandbox is not in sync with the Podfile.lock. Run 'pod install' or update your CocoaPods installation.
EOM
    exit 1
fi
</string>
			<key>showEnvVarsInLog</key>
			<string>0</string>
		</dict>
		<key>9782702C7AE046DD969C2921</key>
		<dict>
			<key>children</key>
			<array>
				<string>4E6F0FA319D1DEF300EC776B</string>
				<string>4E6F0F9D19D1D07100EC776B</string>
				<string>4ED02D9919D1CA9C00C1E562</string>
				<string>4ED02D9719D1CA6800C1E562</string>
				<string>4ED02D9519D1CA5500C1E562</string>
				<string>4E50244D19CC6714002F5A11</string>
				<string>EBF69A0F5AB64083B3DB10FB</string>
			</array>
			<key>isa</key>
			<string>PBXGroup</string>
			<key>name</key>
			<string>Frameworks</string>
			<key>sourceTree</key>
			<string>&lt;group&gt;</string>
		</dict>
		<key>CC4545332CFC4D6A8335F904</key>
		<dict>
			<key>buildActionMask</key>
			<string>2147483647</string>
			<key>files</key>
			<array/>
			<key>inputPaths</key>
			<array/>
			<key>isa</key>
			<string>PBXShellScriptBuildPhase</string>
			<key>name</key>
			<string>Copy Pods Resources</string>
			<key>outputPaths</key>
			<array/>
			<key>runOnlyForDeploymentPostprocessing</key>
			<string>0</string>
			<key>shellPath</key>
			<string>/bin/sh</string>
			<key>shellScript</key>
			<string>"${SRCROOT}/Pods/Target Support Files/Pods/Pods-resources.sh"
</string>
			<key>showEnvVarsInLog</key>
			<string>0</string>
		</dict>
		<key>EBF69A0F5AB64083B3DB10FB</key>
		<dict>
			<key>explicitFileType</key>
			<string>archive.ar</string>
			<key>includeInIndex</key>
			<string>0</string>
			<key>isa</key>
			<string>PBXFileReference</string>
			<key>path</key>
			<string>libPods.a</string>
			<key>sourceTree</key>
			<string>BUILT_PRODUCTS_DIR</string>
		</dict>
		<key>FA14403E8B1B450553F9FF1A</key>
		<dict>
			<key>includeInIndex</key>
			<string>1</string>
			<key>isa</key>
			<string>PBXFileReference</string>
			<key>lastKnownFileType</key>
			<string>text.xcconfig</string>
			<key>name</key>
			<string>Pods.debug.xcconfig</string>
			<key>path</key>
			<string>Pods/Target Support Files/Pods/Pods.debug.xcconfig</string>
			<key>sourceTree</key>
			<string>&lt;group&gt;</string>
		</dict>
	</dict>
	<key>rootObject</key>
	<string>4EDD4CE919A7C08900892A7C</string>
</dict>
</plist>
